// !$*UTF8*$!
{
	archiveVersion = 1;
	classes = {
	};
	objectVersion = 55;
	objects = {

/* Begin PBXBuildFile section */
		DC4E2FA7286121B600F35680 /* Scale_SampleApp.swift in Sources */ = {isa = PBXBuildFile; fileRef = DC4E2FA6286121B600F35680 /* Scale_SampleApp.swift */; };
		DC4E2FA9286121B600F35680 /* ContentView.swift in Sources */ = {isa = PBXBuildFile; fileRef = DC4E2FA8286121B600F35680 /* ContentView.swift */; };
		DC4E2FAB286121B800F35680 /* Assets.xcassets in Resources */ = {isa = PBXBuildFile; fileRef = DC4E2FAA286121B800F35680 /* Assets.xcassets */; };
		DC4E2FAE286121B800F35680 /* Preview Assets.xcassets in Resources */ = {isa = PBXBuildFile; fileRef = DC4E2FAD286121B800F35680 /* Preview Assets.xcassets */; };
		DC4E2FB6286121E100F35680 /* BigView.swift in Sources */ = {isa = PBXBuildFile; fileRef = DC4E2FB5286121E100F35680 /* BigView.swift */; };
		DC4E2FB82861238600F35680 /* PreviewContainerView.swift in Sources */ = {isa = PBXBuildFile; fileRef = DC4E2FB72861238600F35680 /* PreviewContainerView.swift */; };
		DC4E2FBA2861663900F35680 /* IndexView.swift in Sources */ = {isa = PBXBuildFile; fileRef = DC4E2FB92861663900F35680 /* IndexView.swift */; };
		DC4E2FBC286166CF00F35680 /* WebView.swift in Sources */ = {isa = PBXBuildFile; fileRef = DC4E2FBB286166CF00F35680 /* WebView.swift */; };
/* End PBXBuildFile section */

/* Begin PBXFileReference section */
		DC4E2FA3286121B600F35680 /* Scale Sample.app */ = {isa = PBXFileReference; explicitFileType = wrapper.application; includeInIndex = 0; path = "Scale Sample.app"; sourceTree = BUILT_PRODUCTS_DIR; };
		DC4E2FA6286121B600F35680 /* Scale_SampleApp.swift */ = {isa = PBXFileReference; lastKnownFileType = sourcecode.swift; path = Scale_SampleApp.swift; sourceTree = "<group>"; };
		DC4E2FA8286121B600F35680 /* ContentView.swift */ = {isa = PBXFileReference; lastKnownFileType = sourcecode.swift; path = ContentView.swift; sourceTree = "<group>"; };
		DC4E2FAA286121B800F35680 /* Assets.xcassets */ = {isa = PBXFileReference; lastKnownFileType = folder.assetcatalog; path = Assets.xcassets; sourceTree = "<group>"; };
		DC4E2FAD286121B800F35680 /* Preview Assets.xcassets */ = {isa = PBXFileReference; lastKnownFileType = folder.assetcatalog; path = "Preview Assets.xcassets"; sourceTree = "<group>"; };
		DC4E2FAF286121B800F35680 /* Scale_Sample.entitlements */ = {isa = PBXFileReference; lastKnownFileType = text.plist.entitlements; path = Scale_Sample.entitlements; sourceTree = "<group>"; };
		DC4E2FB5286121E100F35680 /* BigView.swift */ = {isa = PBXFileReference; lastKnownFileType = sourcecode.swift; path = BigView.swift; sourceTree = "<group>"; };
		DC4E2FB72861238600F35680 /* PreviewContainerView.swift */ = {isa = PBXFileReference; lastKnownFileType = sourcecode.swift; path = PreviewContainerView.swift; sourceTree = "<group>"; };
		DC4E2FB92861663900F35680 /* IndexView.swift */ = {isa = PBXFileReference; lastKnownFileType = sourcecode.swift; path = IndexView.swift; sourceTree = "<group>"; };
		DC4E2FBB286166CF00F35680 /* WebView.swift */ = {isa = PBXFileReference; fileEncoding = 4; lastKnownFileType = sourcecode.swift; path = WebView.swift; sourceTree = "<group>"; };
/* End PBXFileReference section */

/* Begin PBXFrameworksBuildPhase section */
		DC4E2FA0286121B600F35680 /* Frameworks */ = {
			isa = PBXFrameworksBuildPhase;
			buildActionMask = 2147483647;
			files = (
			);
			runOnlyForDeploymentPostprocessing = 0;
		};
/* End PBXFrameworksBuildPhase section */

/* Begin PBXGroup section */
		DC4E2F9A286121B600F35680 = {
			isa = PBXGroup;
			children = (
				DC4E2FA5286121B600F35680 /* Scale Sample */,
				DC4E2FA4286121B600F35680 /* Products */,
			);
			sourceTree = "<group>";
		};
		DC4E2FA4286121B600F35680 /* Products */ = {
			isa = PBXGroup;
			children = (
				DC4E2FA3286121B600F35680 /* Scale Sample.app */,
			);
			name = Products;
			sourceTree = "<group>";
		};
		DC4E2FA5286121B600F35680 /* Scale Sample */ = {
			isa = PBXGroup;
			children = (
				DC4E2FA6286121B600F35680 /* Scale_SampleApp.swift */,
				DC4E2FA8286121B600F35680 /* ContentView.swift */,
				DC4E2FB5286121E100F35680 /* BigView.swift */,
				DC4E2FB92861663900F35680 /* IndexView.swift */,
				DC4E2FB72861238600F35680 /* PreviewContainerView.swift */,
				DC4E2FBB286166CF00F35680 /* WebView.swift */,
				DC4E2FAA286121B800F35680 /* Assets.xcassets */,
				DC4E2FAF286121B800F35680 /* Scale_Sample.entitlements */,
				DC4E2FAC286121B800F35680 /* Preview Content */,
			);
			path = "Scale Sample";
			sourceTree = "<group>";
		};
		DC4E2FAC286121B800F35680 /* Preview Content */ = {
			isa = PBXGroup;
			children = (
				DC4E2FAD286121B800F35680 /* Preview Assets.xcassets */,
			);
			path = "Preview Content";
			sourceTree = "<group>";
		};
/* End PBXGroup section */

/* Begin PBXNativeTarget section */
		DC4E2FA2286121B600F35680 /* Scale Sample */ = {
			isa = PBXNativeTarget;
			buildConfigurationList = DC4E2FB2286121B800F35680 /* Build configuration list for PBXNativeTarget "Scale Sample" */;
			buildPhases = (
				DC4E2F9F286121B600F35680 /* Sources */,
				DC4E2FA0286121B600F35680 /* Frameworks */,
				DC4E2FA1286121B600F35680 /* Resources */,
			);
			buildRules = (
			);
			dependencies = (
			);
			name = "Scale Sample";
			productName = "Scale Sample";
			productReference = DC4E2FA3286121B600F35680 /* Scale Sample.app */;
			productType = "com.apple.product-type.application";
		};
/* End PBXNativeTarget section */

/* Begin PBXProject section */
		DC4E2F9B286121B600F35680 /* Project object */ = {
			isa = PBXProject;
			attributes = {
				BuildIndependentTargetsInParallel = 1;
				LastSwiftUpdateCheck = 1340;
				LastUpgradeCheck = 1340;
				TargetAttributes = {
					DC4E2FA2286121B600F35680 = {
						CreatedOnToolsVersion = 13.4.1;
					};
				};
			};
			buildConfigurationList = DC4E2F9E286121B600F35680 /* Build configuration list for PBXProject "Scale Sample" */;
			compatibilityVersion = "Xcode 13.0";
			developmentRegion = en;
			hasScannedForEncodings = 0;
			knownRegions = (
				en,
				Base,
			);
			mainGroup = DC4E2F9A286121B600F35680;
			productRefGroup = DC4E2FA4286121B600F35680 /* Products */;
			projectDirPath = "";
			projectRoot = "";
			targets = (
				DC4E2FA2286121B600F35680 /* Scale Sample */,
			);
		};
/* End PBXProject section */

/* Begin PBXResourcesBuildPhase section */
		DC4E2FA1286121B600F35680 /* Resources */ = {
			isa = PBXResourcesBuildPhase;
			buildActionMask = 2147483647;
			files = (
				DC4E2FAE286121B800F35680 /* Preview Assets.xcassets in Resources */,
				DC4E2FAB286121B800F35680 /* Assets.xcassets in Resources */,
			);
			runOnlyForDeploymentPostprocessing = 0;
		};
/* End PBXResourcesBuildPhase section */

/* Begin PBXSourcesBuildPhase section */
		DC4E2F9F286121B600F35680 /* Sources */ = {
			isa = PBXSourcesBuildPhase;
			buildActionMask = 2147483647;
			files = (
				DC4E2FB6286121E100F35680 /* BigView.swift in Sources */,
				DC4E2FB82861238600F35680 /* PreviewContainerView.swift in Sources */,
				DC4E2FA9286121B600F35680 /* ContentView.swift in Sources */,
				DC4E2FBC286166CF00F35680 /* WebView.swift in Sources */,
				DC4E2FBA2861663900F35680 /* IndexView.swift in Sources */,
				DC4E2FA7286121B600F35680 /* Scale_SampleApp.swift in Sources */,
			);
			runOnlyForDeploymentPostprocessing = 0;
		};
/* End PBXSourcesBuildPhase section */

/* Begin XCBuildConfiguration section */
		DC4E2FB0286121B800F35680 /* Debug */ = {
			isa = XCBuildConfiguration;
			buildSettings = {
				ALWAYS_SEARCH_USER_PATHS = NO;
				CLANG_ANALYZER_NONNULL = YES;
				CLANG_ANALYZER_NUMBER_OBJECT_CONVERSION = YES_AGGRESSIVE;
				CLANG_CXX_LANGUAGE_STANDARD = "gnu++17";
				CLANG_ENABLE_MODULES = YES;
				CLANG_ENABLE_OBJC_ARC = YES;
				CLANG_ENABLE_OBJC_WEAK = YES;
				CLANG_WARN_BLOCK_CAPTURE_AUTORELEASING = YES;
				CLANG_WARN_BOOL_CONVERSION = YES;
				CLANG_WARN_COMMA = YES;
				CLANG_WARN_CONSTANT_CONVERSION = YES;
				CLANG_WARN_DEPRECATED_OBJC_IMPLEMENTATIONS = YES;
				CLANG_WARN_DIRECT_OBJC_ISA_USAGE = YES_ERROR;
				CLANG_WARN_DOCUMENTATION_COMMENTS = YES;
				CLANG_WARN_EMPTY_BODY = YES;
				CLANG_WARN_ENUM_CONVERSION = YES;
				CLANG_WARN_INFINITE_RECURSION = YES;
				CLANG_WARN_INT_CONVERSION = YES;
				CLANG_WARN_NON_LITERAL_NULL_CONVERSION = YES;
				CLANG_WARN_OBJC_IMPLICIT_RETAIN_SELF = YES;
				CLANG_WARN_OBJC_LITERAL_CONVERSION = YES;
				CLANG_WARN_OBJC_ROOT_CLASS = YES_ERROR;
				CLANG_WARN_QUOTED_INCLUDE_IN_FRAMEWORK_HEADER = YES;
				CLANG_WARN_RANGE_LOOP_ANALYSIS = YES;
				CLANG_WARN_STRICT_PROTOTYPES = YES;
				CLANG_WARN_SUSPICIOUS_MOVE = YES;
				CLANG_WARN_UNGUARDED_AVAILABILITY = YES_AGGRESSIVE;
				CLANG_WARN_UNREACHABLE_CODE = YES;
				CLANG_WARN__DUPLICATE_METHOD_MATCH = YES;
				COPY_PHASE_STRIP = NO;
				DEBUG_INFORMATION_FORMAT = dwarf;
				ENABLE_STRICT_OBJC_MSGSEND = YES;
				ENABLE_TESTABILITY = YES;
				GCC_C_LANGUAGE_STANDARD = gnu11;
				GCC_DYNAMIC_NO_PIC = NO;
				GCC_NO_COMMON_BLOCKS = YES;
				GCC_OPTIMIZATION_LEVEL = 0;
				GCC_PREPROCESSOR_DEFINITIONS = (
					"DEBUG=1",
					"$(inherited)",
				);
				GCC_WARN_64_TO_32_BIT_CONVERSION = YES;
				GCC_WARN_ABOUT_RETURN_TYPE = YES_ERROR;
				GCC_WARN_UNDECLARED_SELECTOR = YES;
				GCC_WARN_UNINITIALIZED_AUTOS = YES_AGGRESSIVE;
				GCC_WARN_UNUSED_FUNCTION = YES;
				GCC_WARN_UNUSED_VARIABLE = YES;
				MACOSX_DEPLOYMENT_TARGET = 12.3;
				MTL_ENABLE_DEBUG_INFO = INCLUDE_SOURCE;
				MTL_FAST_MATH = YES;
				ONLY_ACTIVE_ARCH = YES;
				SDKROOT = macosx;
				SWIFT_ACTIVE_COMPILATION_CONDITIONS = DEBUG;
				SWIFT_OPTIMIZATION_LEVEL = "-Onone";
			};
			name = Debug;
		};
		DC4E2FB1286121B800F35680 /* Release */ = {
			isa = XCBuildConfiguration;
			buildSettings = {
				ALWAYS_SEARCH_USER_PATHS = NO;
				CLANG_ANALYZER_NONNULL = YES;
				CLANG_ANALYZER_NUMBER_OBJECT_CONVERSION = YES_AGGRESSIVE;
				CLANG_CXX_LANGUAGE_STANDARD = "gnu++17";
				CLANG_ENABLE_MODULES = YES;
				CLANG_ENABLE_OBJC_ARC = YES;
				CLANG_ENABLE_OBJC_WEAK = YES;
				CLANG_WARN_BLOCK_CAPTURE_AUTORELEASING = YES;
				CLANG_WARN_BOOL_CONVERSION = YES;
				CLANG_WARN_COMMA = YES;
				CLANG_WARN_CONSTANT_CONVERSION = YES;
				CLANG_WARN_DEPRECATED_OBJC_IMPLEMENTATIONS = YES;
				CLANG_WARN_DIRECT_OBJC_ISA_USAGE = YES_ERROR;
				CLANG_WARN_DOCUMENTATION_COMMENTS = YES;
				CLANG_WARN_EMPTY_BODY = YES;
				CLANG_WARN_ENUM_CONVERSION = YES;
				CLANG_WARN_INFINITE_RECURSION = YES;
				CLANG_WARN_INT_CONVERSION = YES;
				CLANG_WARN_NON_LITERAL_NULL_CONVERSION = YES;
				CLANG_WARN_OBJC_IMPLICIT_RETAIN_SELF = YES;
				CLANG_WARN_OBJC_LITERAL_CONVERSION = YES;
				CLANG_WARN_OBJC_ROOT_CLASS = YES_ERROR;
				CLANG_WARN_QUOTED_INCLUDE_IN_FRAMEWORK_HEADER = YES;
				CLANG_WARN_RANGE_LOOP_ANALYSIS = YES;
				CLANG_WARN_STRICT_PROTOTYPES = YES;
				CLANG_WARN_SUSPICIOUS_MOVE = YES;
				CLANG_WARN_UNGUARDED_AVAILABILITY = YES_AGGRESSIVE;
				CLANG_WARN_UNREACHABLE_CODE = YES;
				CLANG_WARN__DUPLICATE_METHOD_MATCH = YES;
				COPY_PHASE_STRIP = NO;
				DEBUG_INFORMATION_FORMAT = "dwarf-with-dsym";
				ENABLE_NS_ASSERTIONS = NO;
				ENABLE_STRICT_OBJC_MSGSEND = YES;
				GCC_C_LANGUAGE_STANDARD = gnu11;
				GCC_NO_COMMON_BLOCKS = YES;
				GCC_WARN_64_TO_32_BIT_CONVERSION = YES;
				GCC_WARN_ABOUT_RETURN_TYPE = YES_ERROR;
				GCC_WARN_UNDECLARED_SELECTOR = YES;
				GCC_WARN_UNINITIALIZED_AUTOS = YES_AGGRESSIVE;
				GCC_WARN_UNUSED_FUNCTION = YES;
				GCC_WARN_UNUSED_VARIABLE = YES;
				MACOSX_DEPLOYMENT_TARGET = 12.3;
				MTL_ENABLE_DEBUG_INFO = NO;
				MTL_FAST_MATH = YES;
				SDKROOT = macosx;
				SWIFT_COMPILATION_MODE = wholemodule;
				SWIFT_OPTIMIZATION_LEVEL = "-O";
			};
			name = Release;
		};
		DC4E2FB3286121B800F35680 /* Debug */ = {
			isa = XCBuildConfiguration;
			buildSettings = {
				ASSETCATALOG_COMPILER_APPICON_NAME = AppIcon;
				ASSETCATALOG_COMPILER_GLOBAL_ACCENT_COLOR_NAME = AccentColor;
				CODE_SIGN_ENTITLEMENTS = "Scale Sample/Scale_Sample.entitlements";
				CODE_SIGN_STYLE = Automatic;
				COMBINE_HIDPI_IMAGES = YES;
				CURRENT_PROJECT_VERSION = 1;
				DEVELOPMENT_ASSET_PATHS = "\"Scale Sample/Preview Content\"";
				DEVELOPMENT_TEAM = 96NM39SGJ5;
				ENABLE_HARDENED_RUNTIME = YES;
				ENABLE_PREVIEWS = YES;
				GENERATE_INFOPLIST_FILE = YES;
				INFOPLIST_KEY_NSHumanReadableCopyright = "";
				LD_RUNPATH_SEARCH_PATHS = (
					"$(inherited)",
					"@executable_path/../Frameworks",
				);
				MARKETING_VERSION = 1.0;
				PRODUCT_BUNDLE_IDENTIFIER = "com.parussoft.Scale-Sample";
				PRODUCT_NAME = "$(TARGET_NAME)";
				SWIFT_EMIT_LOC_STRINGS = YES;
				SWIFT_VERSION = 5.0;
			};
			name = Debug;
		};
		DC4E2FB4286121B800F35680 /* Release */ = {
			isa = XCBuildConfiguration;
			buildSettings = {
				ASSETCATALOG_COMPILER_APPICON_NAME = AppIcon;
				ASSETCATALOG_COMPILER_GLOBAL_ACCENT_COLOR_NAME = AccentColor;
				CODE_SIGN_ENTITLEMENTS = "Scale Sample/Scale_Sample.entitlements";
				CODE_SIGN_STYLE = Automatic;
				COMBINE_HIDPI_IMAGES = YES;
				CURRENT_PROJECT_VERSION = 1;
				DEVELOPMENT_ASSET_PATHS = "\"Scale Sample/Preview Content\"";
				DEVELOPMENT_TEAM = 96NM39SGJ5;
				ENABLE_HARDENED_RUNTIME = YES;
				ENABLE_PREVIEWS = YES;
				GENERATE_INFOPLIST_FILE = YES;
				INFOPLIST_KEY_NSHumanReadableCopyright = "";
				LD_RUNPATH_SEARCH_PATHS = (
					"$(inherited)",
					"@executable_path/../Frameworks",
				);
				MARKETING_VERSION = 1.0;
				PRODUCT_BUNDLE_IDENTIFIER = "com.parussoft.Scale-Sample";
				PRODUCT_NAME = "$(TARGET_NAME)";
				SWIFT_EMIT_LOC_STRINGS = YES;
				SWIFT_VERSION = 5.0;
			};
			name = Release;
		};
/* End XCBuildConfiguration section */

/* Begin XCConfigurationList section */
		DC4E2F9E286121B600F35680 /* Build configuration list for PBXProject "Scale Sample" */ = {
			isa = XCConfigurationList;
			buildConfigurations = (
				DC4E2FB0286121B800F35680 /* Debug */,
				DC4E2FB1286121B800F35680 /* Release */,
			);
			defaultConfigurationIsVisible = 0;
			defaultConfigurationName = Release;
		};
		DC4E2FB2286121B800F35680 /* Build configuration list for PBXNativeTarget "Scale Sample" */ = {
			isa = XCConfigurationList;
			buildConfigurations = (
				DC4E2FB3286121B800F35680 /* Debug */,
				DC4E2FB4286121B800F35680 /* Release */,
			);
			defaultConfigurationIsVisible = 0;
			defaultConfigurationName = Release;
		};
/* End XCConfigurationList section */
	};
	rootObject = DC4E2F9B286121B600F35680 /* Project object */;
}
